
Microsoft Visual Studio Solution File, Format Version 12.00
# Visual Studio Version 16
VisualStudioVersion = 16.0.30907.101
MinimumVisualStudioVersion = 10.0.40219.1
Project("{FAE04EC0-301F-11D3-BF4B-00C04F79EFBC}") = "ClassMetotDemo", "ClassMetotDemo\ClassMetotDemo.csproj", "{98EA875F-8661-4450-A378-CEF17D7BAC64}"
EndProject
Global
	GlobalSection(SolutionConfigurationPlatforms) = preSolution
		Debug|Any CPU = Debug|Any CPU
		Release|Any CPU = Release|Any CPU
	EndGlobalSection
	GlobalSection(ProjectConfigurationPlatforms) = postSolution
		{98EA875F-8661-4450-A378-CEF17D7BAC64}.Debug|Any CPU.ActiveCfg = Debug|Any CPU
		{98EA875F-8661-4450-A378-CEF17D7BAC64}.Debug|Any CPU.Build.0 = Debug|Any CPU
		{98EA875F-8661-4450-A378-CEF17D7BAC64}.Release|Any CPU.ActiveCfg = Release|Any CPU
		{98EA875F-8661-4450-A378-CEF17D7BAC64}.Release|Any CPU.Build.0 = Release|Any CPU
	EndGlobalSection
	GlobalSection(SolutionProperties) = preSolution
		HideSolutionNode = FALSE
	EndGlobalSection
	GlobalSection(ExtensibilityGlobals) = postSolution
		SolutionGuid = {D1E01A43-3D5D-4165-8C86-B7E159B72FC0}
	EndGlobalSection
EndGlobal
